<?xml version="1.0" encoding="utf-8"?>
<Project ToolsVersion="4.0" xmlns="http://schemas.microsoft.com/developer/msbuild/2003">
  <ItemGroup>
    <Filter Include="Source Files">
      <UniqueIdentifier>{4FC737F1-C7A5-4376-A066-2A32D752A2FF}</UniqueIdentifier>
      <Extensions>cpp;c;cc;cxx;c++;cppm;ixx;def;odl;idl;hpj;bat;asm;asmx</Extensions>
    </Filter>
    <Filter Include="Header Files">
      <UniqueIdentifier>{93995380-89BD-4b04-88EB-625FBE52EBFB}</UniqueIdentifier>
      <Extensions>h;hh;hpp;hxx;h++;hm;inl;inc;ipp;xsd</Extensions>
    </Filter>
    <Filter Include="Header Files\hooks">
      <UniqueIdentifier>{c737d746-9d4d-4993-bc8d-6d0929f4da78}</UniqueIdentifier>
    </Filter>
    <Filter Include="Header Files\root">
      <UniqueIdentifier>{b7a416fb-30ce-46be-91c0-64e25e372c33}</UniqueIdentifier>
    </Filter>
    <Filter Include="Source Files\hooks">
      <UniqueIdentifier>{fc604852-dec5-44e0-9780-2298083c7cd3}</UniqueIdentifier>
    </Filter>
    <Filter Include="Source Files\root">
      <UniqueIdentifier>{6c8591b0-a006-4e67-97f3-de21e80e542e}</UniqueIdentifier>
    </Filter>
    <Filter Include="Header Files\prism_cvar">
      <UniqueIdentifier>{06ec0bf6-b131-40c3-aa91-e104be32b691}</UniqueIdentifier>
    </Filter>
    <Filter Include="Source Files\prism_cvar">
      <UniqueIdentifier>{72b0f731-20b2-4e2a-9a4b-2a9c4870a279}</UniqueIdentifier>
    </Filter>
    <Filter Include="Source Files\prism">
      <UniqueIdentifier>{8f71d9f9-fbba-478c-a261-c351b67dc78c}</UniqueIdentifier>
    </Filter>
    <Filter Include="Source Files\prism\token">
      <UniqueIdentifier>{a2c8bb08-bdb0-4837-924e-9407041bb517}</UniqueIdentifier>
    </Filter>
    <Filter Include="Header Files\prism">
      <UniqueIdentifier>{d3d0be15-6f65-417b-8fb7-77be4b5a99c4}</UniqueIdentifier>
    </Filter>
    <Filter Include="Header Files\prism\ui">
      <UniqueIdentifier>{7e6ff916-c015-478b-aa13-6fd22b620f78}</UniqueIdentifier>
    </Filter>
    <Filter Include="Header Files\prism\common">
      <UniqueIdentifier>{66159e23-d79e-4401-9a78-b52403c1f6e2}</UniqueIdentifier>
    </Filter>
    <Filter Include="Header Files\prism\token">
      <UniqueIdentifier>{a1c86e0d-1e60-4754-a338-20ff71e195a5}</UniqueIdentifier>
    </Filter>
    <Filter Include="Header Files\prism\sound">
      <UniqueIdentifier>{f90bc536-3976-4cb7-8004-8c5b40f26d22}</UniqueIdentifier>
    </Filter>
    <Filter Include="Header Files\prism\pointer_base">
      <UniqueIdentifier>{8e0c0f69-9307-4fc7-b9c8-6cc248076c2b}</UniqueIdentifier>
    </Filter>
    <Filter Include="Header Files\prism\actors">
      <UniqueIdentifier>{aaef0676-6b06-41be-bcb0-2a790e823bc4}</UniqueIdentifier>
    </Filter>
  </ItemGroup>
  <ItemGroup>
    <ClInclude Include="hooks\hook.h">
      <Filter>Header Files\hooks</Filter>
    </ClInclude>
    <ClInclude Include="hooks\sound.h">
      <Filter>Header Files\hooks</Filter>
    </ClInclude>
    <ClInclude Include="common.h">
      <Filter>Header Files\root</Filter>
    </ClInclude>
    <ClInclude Include="hooks_core.h">
      <Filter>Header Files\root</Filter>
    </ClInclude>
    <ClInclude Include="fmod_event.h">
      <Filter>Header Files\root</Filter>
    </ClInclude>
    <ClInclude Include="fmod_manager.h">
      <Filter>Header Files\root</Filter>
    </ClInclude>
    <ClInclude Include="global_variables.h">
      <Filter>Header Files\root</Filter>
    </ClInclude>
    <ClInclude Include="bmem.h">
      <Filter>Header Files\root</Filter>
    </ClInclude>
    <ClInclude Include="resource.h">
      <Filter>Header Files\root</Filter>
    </ClInclude>
    <ClInclude Include="sdk_stores.h">
      <Filter>Header Files\root</Filter>
    </ClInclude>
    <ClInclude Include="telemetry_data.h">
      <Filter>Header Files\root</Filter>
    </ClInclude>
    <ClInclude Include="includes_windows.h">
      <Filter>Header Files\root</Filter>
    </ClInclude>
    <ClInclude Include="tick.h">
      <Filter>Header Files\root</Filter>
    </ClInclude>
    <ClInclude Include="prism_cvar\cvar.h">
      <Filter>Header Files\prism_cvar</Filter>
    </ClInclude>
    <ClInclude Include="prism\prism.h">
      <Filter>Header Files\prism</Filter>
    </ClInclude>
    <ClInclude Include="prism\__patterns.h">
      <Filter>Header Files\prism</Filter>
    </ClInclude>
    <ClInclude Include="prism\ui\ui.h">
      <Filter>Header Files\prism\ui</Filter>
    </ClInclude>
    <ClInclude Include="prism\ui\classes.h">
      <Filter>Header Files\prism\ui</Filter>
    </ClInclude>
    <ClInclude Include="prism\ui\functions.h">
      <Filter>Header Files\prism\ui</Filter>
    </ClInclude>
    <ClInclude Include="prism\common\unit.h">
      <Filter>Header Files\prism\common</Filter>
    </ClInclude>
    <ClInclude Include="prism\common\vectors.h">
      <Filter>Header Files\prism\common</Filter>
    </ClInclude>
    <ClInclude Include="prism\common\arrays.h">
      <Filter>Header Files\prism\common</Filter>
    </ClInclude>
    <ClInclude Include="prism\common\pointers.h">
      <Filter>Header Files\prism\common</Filter>
    </ClInclude>
    <ClInclude Include="prism\common\strings.h">
      <Filter>Header Files\prism\common</Filter>
    </ClInclude>
    <ClInclude Include="prism\token\token.h">
      <Filter>Header Files\prism\token</Filter>
    </ClInclude>
    <ClInclude Include="prism\sound\navigation.h">
      <Filter>Header Files\prism\sound</Filter>
    </ClInclude>
    <ClInclude Include="prism\sound\fmod.h">
      <Filter>Header Files\prism\sound</Filter>
    </ClInclude>
    <ClInclude Include="prism\pointer_base\pointer_base.h">
      <Filter>Header Files\prism\pointer_base</Filter>
    </ClInclude>
    <ClInclude Include="prism\actors\game_sound_data.h">
      <Filter>Header Files\prism\actors</Filter>
    </ClInclude>
    <ClInclude Include="prism\actors\game_actor.h">
      <Filter>Header Files\prism\actors</Filter>
    </ClInclude>
    <ClInclude Include="prism\actors\game_ctrl.h">
      <Filter>Header Files\prism\actors</Filter>
    </ClInclude>
  </ItemGroup>
  <ItemGroup>
    <ClCompile Include="hooks\sound.cpp">
      <Filter>Source Files\hooks</Filter>
    </ClCompile>
    <ClCompile Include="hooks\hook.cpp">
      <Filter>Source Files\hooks</Filter>
    </ClCompile>
    <ClCompile Include="hooks_core.cpp">
      <Filter>Source Files\root</Filter>
    </ClCompile>
    <ClCompile Include="dllmain.cpp">
      <Filter>Source Files\root</Filter>
    </ClCompile>
    <ClCompile Include="fmod_event.cpp">
      <Filter>Source Files\root</Filter>
    </ClCompile>
    <ClCompile Include="fmod_manager.cpp">
      <Filter>Source Files\root</Filter>
    </ClCompile>
    <ClCompile Include="tick.cpp">
      <Filter>Source Files\root</Filter>
    </ClCompile>
    <ClCompile Include="prism_cvar\cvar.cpp">
      <Filter>Source Files\prism_cvar</Filter>
    </ClCompile>
    <ClCompile Include="prism\prism.cpp">
      <Filter>Source Files\prism</Filter>
    </ClCompile>
    <ClCompile Include="prism\token\token.cpp">
      <Filter>Source Files\prism\token</Filter>
    </ClCompile>
    <ClCompile Include="bsettings.cpp">
      <Filter>Source Files\root</Filter>
    </ClCompile>
  </ItemGroup>
  <ItemGroup>
    <ResourceCompile Include="ts-fmod-plugin-v2.rc" />
  </ItemGroup>
</Project>